
Microsoft Visual Studio Solution File, Format Version 12.00
# Visual Studio 14
VisualStudioVersion = 14.0.23107.0
MinimumVisualStudioVersion = 10.0.40219.1
Project("{FAE04EC0-301F-11D3-BF4B-00C04F79EFBC}") = "DInerMax3000Console", "DInerMax3000Console\DInerMax3000Console.csproj", "{961DEE28-8B77-4F7B-9160-D938B52BC51F}"
EndProject
Global
	GlobalSection(SolutionConfigurationPlatforms) = preSolution
		Debug|Any CPU = Debug|Any CPU
		Release|Any CPU = Release|Any CPU
	EndGlobalSection
	GlobalSection(ProjectConfigurationPlatforms) = postSolution
		{961DEE28-8B77-4F7B-9160-D938B52BC51F}.Debug|Any CPU.ActiveCfg = Debug|Any CPU
		{961DEE28-8B77-4F7B-9160-D938B52BC51F}.Debug|Any CPU.Build.0 = Debug|Any CPU
		{961DEE28-8B77-4F7B-9160-D938B52BC51F}.Release|Any CPU.ActiveCfg = Release|Any CPU
		{961DEE28-8B77-4F7B-9160-D938B52BC51F}.Release|Any CPU.Build.0 = Release|Any CPU
	EndGlobalSection
	GlobalSection(SolutionProperties) = preSolution
		HideSolutionNode = FALSE
	EndGlobalSection
EndGlobal
